{
  "name": "swytchcode-runtime",
  "version": "0.1.4",
  "lockfileVersion": 3,
  "requires": true,
  "packages": {
    "": {
      "name": "swytchcode-runtime",
      "version": "0.1.4",
      "license": "MIT",
      "engines": {
        "node": ">=18"
      },
      "devDependencies": {
        "@types/node": "^18.0.0",
        "typescript": "^5.0.0"
      }
    },
    "node_modules/@types/node": {
      "version": "18.19.50",
      "resolved": "https://registry.npmjs.org/@types/node/-/node-18.19.50.tgz",
      "integrity": "sha512-FYWJzKX47DsYYfEGfgQvzfred6E7VQl+wNLR8yfQnWAv9WtSXAd8/UeJLFuhLyUoRHdagpGv8breakthrough/",
      "dev": true
    },
    "node_modules/typescript": {
      "version": "5.3.3",
      "resolved": "https://registry.npmjs.org/typescript/-/typescript-5.3.3.tgz",
      "integrity": "sha512-fqocqQ7SG7VVPNlj+S132meF+yvo0mIc1FwNd/4aZ6zariW8zcf3DQSSar8MP1M8eJZnk8gTjMm9pIHwV5ZY9A==",
      "dev": true,
      "bin": {
        "tsc": "bin/tsc",
        "tsserver": "bin/tsserver"
      },
      "engines": {
        "node": ">=14.17"
      }
    }
  }
}
